
Microsoft Visual Studio Solution File, Format Version 12.00
# Visual Studio Version 17
VisualStudioVersion = 17.14.37216.2 d17.14
MinimumVisualStudioVersion = 10.0.40219.1
Project("{FAE04EC0-301F-11D3-BF4B-00C04F79EFBC}") = "FarouqsRecordShop", "FarouqsRecordShop\FarouqsRecordShop.csproj", "{EE5965E6-70E0-4BAA-8390-267D2A9FB2F3}"
EndProject
Project("{FAE04EC0-301F-11D3-BF4B-00C04F79EFBC}") = "FarouqsRecordShop.Tests", "FarouqsRecordShop.Tests\FarouqsRecordShop.Tests.csproj", "{F379ED21-8111-4741-9353-5791024AD09B}"
EndProject
Global
	GlobalSection(SolutionConfigurationPlatforms) = preSolution
		Debug|Any CPU = Debug|Any CPU
		Release|Any CPU = Release|Any CPU
	EndGlobalSection
	GlobalSection(ProjectConfigurationPlatforms) = postSolution
		{EE5965E6-70E0-4BAA-8390-267D2A9FB2F3}.Debug|Any CPU.ActiveCfg = Debug|Any CPU
		{EE5965E6-70E0-4BAA-8390-267D2A9FB2F3}.Debug|Any CPU.Build.0 = Debug|Any CPU
		{EE5965E6-70E0-4BAA-8390-267D2A9FB2F3}.Release|Any CPU.ActiveCfg = Release|Any CPU
		{EE5965E6-70E0-4BAA-8390-267D2A9FB2F3}.Release|Any CPU.Build.0 = Release|Any CPU
		{F379ED21-8111-4741-9353-5791024AD09B}.Debug|Any CPU.ActiveCfg = Debug|Any CPU
		{F379ED21-8111-4741-9353-5791024AD09B}.Debug|Any CPU.Build.0 = Debug|Any CPU
		{F379ED21-8111-4741-9353-5791024AD09B}.Release|Any CPU.ActiveCfg = Release|Any CPU
		{F379ED21-8111-4741-9353-5791024AD09B}.Release|Any CPU.Build.0 = Release|Any CPU
	EndGlobalSection
	GlobalSection(SolutionProperties) = preSolution
		HideSolutionNode = FALSE
	EndGlobalSection
	GlobalSection(ExtensibilityGlobals) = postSolution
		SolutionGuid = {36FE1539-B4F6-49DF-BBF8-08846D2AC677}
	EndGlobalSection
EndGlobal
